
Microsoft Visual Studio Solution File, Format Version 12.00
# Visual Studio Version 16
VisualStudioVersion = 16.0.29806.167
MinimumVisualStudioVersion = 15.0.26124.0
Project("{9A19103F-16F7-4668-BE54-9A1E7A4F7556}") = "iSpindel.App", "iSpindel.App\iSpindel.App.csproj", "{94963950-1046-480E-A0DB-499EBDA6CA55}"
EndProject
Project("{9A19103F-16F7-4668-BE54-9A1E7A4F7556}") = "iSpindel.App.Test", "iSpindel.App.Test\iSpindel.App.Test.csproj", "{D3AECFCB-C423-4045-9EB6-35F9615B41C7}"
EndProject
Project("{9A19103F-16F7-4668-BE54-9A1E7A4F7556}") = "iSpindel.Database", "iSpindel.Database\iSpindel.Database.csproj", "{CF21D600-CD58-4F42-BA5C-D9D069283687}"
EndProject
Project("{9A19103F-16F7-4668-BE54-9A1E7A4F7556}") = "iSpindel.Database.Test", "iSpindel.Database.Test\iSpindel.Database.Test.csproj", "{E8B6C9D0-79C4-41B2-921E-FEF8DF728392}"
EndProject
Project("{2150E333-8FDC-42A3-9474-1A3956D46DE8}") = "Test", "Test", "{FBF6A89A-F53F-4145-88E3-21976DAB3D42}"
EndProject
Project("{2150E333-8FDC-42A3-9474-1A3956D46DE8}") = "App", "App", "{900E0D71-B11B-4FF8-B6A3-2AAD90B9C8A3}"
EndProject
Project("{9A19103F-16F7-4668-BE54-9A1E7A4F7556}") = "iSpindel.Database.Job", "iSpindel.Database.Job\iSpindel.Database.Job.csproj", "{47294800-B7FE-4D15-A6D1-487FD3313572}"
EndProject
Project("{9A19103F-16F7-4668-BE54-9A1E7A4F7556}") = "iSpindel.Database.Job.Test", "iSpindel.Database.Job.Test\iSpindel.Database.Job.Test.csproj", "{235723A2-484E-4C30-B92A-65353A9BDDBB}"
EndProject
Global
	GlobalSection(SolutionConfigurationPlatforms) = preSolution
		Debug|Any CPU = Debug|Any CPU
		Debug|x64 = Debug|x64
		Debug|x86 = Debug|x86
		Release|Any CPU = Release|Any CPU
		Release|x64 = Release|x64
		Release|x86 = Release|x86
	EndGlobalSection
	GlobalSection(ProjectConfigurationPlatforms) = postSolution
		{94963950-1046-480E-A0DB-499EBDA6CA55}.Debug|Any CPU.ActiveCfg = Debug|Any CPU
		{94963950-1046-480E-A0DB-499EBDA6CA55}.Debug|Any CPU.Build.0 = Debug|Any CPU
		{94963950-1046-480E-A0DB-499EBDA6CA55}.Debug|x64.ActiveCfg = Debug|Any CPU
		{94963950-1046-480E-A0DB-499EBDA6CA55}.Debug|x64.Build.0 = Debug|Any CPU
		{94963950-1046-480E-A0DB-499EBDA6CA55}.Debug|x86.ActiveCfg = Debug|Any CPU
		{94963950-1046-480E-A0DB-499EBDA6CA55}.Debug|x86.Build.0 = Debug|Any CPU
		{94963950-1046-480E-A0DB-499EBDA6CA55}.Release|Any CPU.ActiveCfg = Release|Any CPU
		{94963950-1046-480E-A0DB-499EBDA6CA55}.Release|Any CPU.Build.0 = Release|Any CPU
		{94963950-1046-480E-A0DB-499EBDA6CA55}.Release|x64.ActiveCfg = Release|Any CPU
		{94963950-1046-480E-A0DB-499EBDA6CA55}.Release|x64.Build.0 = Release|Any CPU
		{94963950-1046-480E-A0DB-499EBDA6CA55}.Release|x86.ActiveCfg = Release|Any CPU
		{94963950-1046-480E-A0DB-499EBDA6CA55}.Release|x86.Build.0 = Release|Any CPU
		{D3AECFCB-C423-4045-9EB6-35F9615B41C7}.Debug|Any CPU.ActiveCfg = Debug|Any CPU
		{D3AECFCB-C423-4045-9EB6-35F9615B41C7}.Debug|Any CPU.Build.0 = Debug|Any CPU
		{D3AECFCB-C423-4045-9EB6-35F9615B41C7}.Debug|x64.ActiveCfg = Debug|Any CPU
		{D3AECFCB-C423-4045-9EB6-35F9615B41C7}.Debug|x64.Build.0 = Debug|Any CPU
		{D3AECFCB-C423-4045-9EB6-35F9615B41C7}.Debug|x86.ActiveCfg = Debug|Any CPU
		{D3AECFCB-C423-4045-9EB6-35F9615B41C7}.Debug|x86.Build.0 = Debug|Any CPU
		{D3AECFCB-C423-4045-9EB6-35F9615B41C7}.Release|Any CPU.ActiveCfg = Release|Any CPU
		{D3AECFCB-C423-4045-9EB6-35F9615B41C7}.Release|Any CPU.Build.0 = Release|Any CPU
		{D3AECFCB-C423-4045-9EB6-35F9615B41C7}.Release|x64.ActiveCfg = Release|Any CPU
		{D3AECFCB-C423-4045-9EB6-35F9615B41C7}.Release|x64.Build.0 = Release|Any CPU
		{D3AECFCB-C423-4045-9EB6-35F9615B41C7}.Release|x86.ActiveCfg = Release|Any CPU
		{D3AECFCB-C423-4045-9EB6-35F9615B41C7}.Release|x86.Build.0 = Release|Any CPU
		{CF21D600-CD58-4F42-BA5C-D9D069283687}.Debug|Any CPU.ActiveCfg = Debug|Any CPU
		{CF21D600-CD58-4F42-BA5C-D9D069283687}.Debug|Any CPU.Build.0 = Debug|Any CPU
		{CF21D600-CD58-4F42-BA5C-D9D069283687}.Debug|x64.ActiveCfg = Debug|Any CPU
		{CF21D600-CD58-4F42-BA5C-D9D069283687}.Debug|x64.Build.0 = Debug|Any CPU
		{CF21D600-CD58-4F42-BA5C-D9D069283687}.Debug|x86.ActiveCfg = Debug|Any CPU
		{CF21D600-CD58-4F42-BA5C-D9D069283687}.Debug|x86.Build.0 = Debug|Any CPU
		{CF21D600-CD58-4F42-BA5C-D9D069283687}.Release|Any CPU.ActiveCfg = Release|Any CPU
		{CF21D600-CD58-4F42-BA5C-D9D069283687}.Release|Any CPU.Build.0 = Release|Any CPU
		{CF21D600-CD58-4F42-BA5C-D9D069283687}.Release|x64.ActiveCfg = Release|Any CPU
		{CF21D600-CD58-4F42-BA5C-D9D069283687}.Release|x64.Build.0 = Release|Any CPU
		{CF21D600-CD58-4F42-BA5C-D9D069283687}.Release|x86.ActiveCfg = Release|Any CPU
		{CF21D600-CD58-4F42-BA5C-D9D069283687}.Release|x86.Build.0 = Release|Any CPU
		{E8B6C9D0-79C4-41B2-921E-FEF8DF728392}.Debug|Any CPU.ActiveCfg = Debug|Any CPU
		{E8B6C9D0-79C4-41B2-921E-FEF8DF728392}.Debug|Any CPU.Build.0 = Debug|Any CPU
		{E8B6C9D0-79C4-41B2-921E-FEF8DF728392}.Debug|x64.ActiveCfg = Debug|Any CPU
		{E8B6C9D0-79C4-41B2-921E-FEF8DF728392}.Debug|x64.Build.0 = Debug|Any CPU
		{E8B6C9D0-79C4-41B2-921E-FEF8DF728392}.Debug|x86.ActiveCfg = Debug|Any CPU
		{E8B6C9D0-79C4-41B2-921E-FEF8DF728392}.Debug|x86.Build.0 = Debug|Any CPU
		{E8B6C9D0-79C4-41B2-921E-FEF8DF728392}.Release|Any CPU.ActiveCfg = Release|Any CPU
		{E8B6C9D0-79C4-41B2-921E-FEF8DF728392}.Release|Any CPU.Build.0 = Release|Any CPU
		{E8B6C9D0-79C4-41B2-921E-FEF8DF728392}.Release|x64.ActiveCfg = Release|Any CPU
		{E8B6C9D0-79C4-41B2-921E-FEF8DF728392}.Release|x64.Build.0 = Release|Any CPU
		{E8B6C9D0-79C4-41B2-921E-FEF8DF728392}.Release|x86.ActiveCfg = Release|Any CPU
		{E8B6C9D0-79C4-41B2-921E-FEF8DF728392}.Release|x86.Build.0 = Release|Any CPU
		{47294800-B7FE-4D15-A6D1-487FD3313572}.Debug|Any CPU.ActiveCfg = Debug|Any CPU
		{47294800-B7FE-4D15-A6D1-487FD3313572}.Debug|Any CPU.Build.0 = Debug|Any CPU
		{47294800-B7FE-4D15-A6D1-487FD3313572}.Debug|x64.ActiveCfg = Debug|Any CPU
		{47294800-B7FE-4D15-A6D1-487FD3313572}.Debug|x64.Build.0 = Debug|Any CPU
		{47294800-B7FE-4D15-A6D1-487FD3313572}.Debug|x86.ActiveCfg = Debug|Any CPU
		{47294800-B7FE-4D15-A6D1-487FD3313572}.Debug|x86.Build.0 = Debug|Any CPU
		{47294800-B7FE-4D15-A6D1-487FD3313572}.Release|Any CPU.ActiveCfg = Release|Any CPU
		{47294800-B7FE-4D15-A6D1-487FD3313572}.Release|Any CPU.Build.0 = Release|Any CPU
		{47294800-B7FE-4D15-A6D1-487FD3313572}.Release|x64.ActiveCfg = Release|Any CPU
		{47294800-B7FE-4D15-A6D1-487FD3313572}.Release|x64.Build.0 = Release|Any CPU
		{47294800-B7FE-4D15-A6D1-487FD3313572}.Release|x86.ActiveCfg = Release|Any CPU
		{47294800-B7FE-4D15-A6D1-487FD3313572}.Release|x86.Build.0 = Release|Any CPU
		{235723A2-484E-4C30-B92A-65353A9BDDBB}.Debug|Any CPU.ActiveCfg = Debug|Any CPU
		{235723A2-484E-4C30-B92A-65353A9BDDBB}.Debug|Any CPU.Build.0 = Debug|Any CPU
		{235723A2-484E-4C30-B92A-65353A9BDDBB}.Debug|x64.ActiveCfg = Debug|Any CPU
		{235723A2-484E-4C30-B92A-65353A9BDDBB}.Debug|x64.Build.0 = Debug|Any CPU
		{235723A2-484E-4C30-B92A-65353A9BDDBB}.Debug|x86.ActiveCfg = Debug|Any CPU
		{235723A2-484E-4C30-B92A-65353A9BDDBB}.Debug|x86.Build.0 = Debug|Any CPU
		{235723A2-484E-4C30-B92A-65353A9BDDBB}.Release|Any CPU.ActiveCfg = Release|Any CPU
		{235723A2-484E-4C30-B92A-65353A9BDDBB}.Release|Any CPU.Build.0 = Release|Any CPU
		{235723A2-484E-4C30-B92A-65353A9BDDBB}.Release|x64.ActiveCfg = Release|Any CPU
		{235723A2-484E-4C30-B92A-65353A9BDDBB}.Release|x64.Build.0 = Release|Any CPU
		{235723A2-484E-4C30-B92A-65353A9BDDBB}.Release|x86.ActiveCfg = Release|Any CPU
		{235723A2-484E-4C30-B92A-65353A9BDDBB}.Release|x86.Build.0 = Release|Any CPU
	EndGlobalSection
	GlobalSection(SolutionProperties) = preSolution
		HideSolutionNode = FALSE
	EndGlobalSection
	GlobalSection(NestedProjects) = preSolution
		{94963950-1046-480E-A0DB-499EBDA6CA55} = {900E0D71-B11B-4FF8-B6A3-2AAD90B9C8A3}
		{D3AECFCB-C423-4045-9EB6-35F9615B41C7} = {FBF6A89A-F53F-4145-88E3-21976DAB3D42}
		{CF21D600-CD58-4F42-BA5C-D9D069283687} = {900E0D71-B11B-4FF8-B6A3-2AAD90B9C8A3}
		{E8B6C9D0-79C4-41B2-921E-FEF8DF728392} = {FBF6A89A-F53F-4145-88E3-21976DAB3D42}
		{47294800-B7FE-4D15-A6D1-487FD3313572} = {900E0D71-B11B-4FF8-B6A3-2AAD90B9C8A3}
		{235723A2-484E-4C30-B92A-65353A9BDDBB} = {FBF6A89A-F53F-4145-88E3-21976DAB3D42}
	EndGlobalSection
	GlobalSection(ExtensibilityGlobals) = postSolution
		SolutionGuid = {47170B90-4DB1-4F0C-AE8E-55999A2F6546}
	EndGlobalSection
EndGlobal
